# This file is autogenerated, do not edit; changes may be undone by the next 'dep ensure'.


[[projects]]
  name = "github.com/aws/aws-sdk-go"
  packages = ["aws","aws/awserr","aws/awsutil","aws/client","aws/client/metadata","aws/corehandlers","aws/credentials","aws/credentials/ec2rolecreds","aws/credentials/endpointcreds","aws/credentials/stscreds","aws/defaults","aws/ec2metadata","aws/endpoints","aws/request","aws/session","aws/signer/v4","internal/shareddefaults","private/protocol","private/protocol/ec2query","private/protocol/json/jsonutil","private/protocol/jsonrpc","private/protocol/query","private/protocol/query/queryutil","private/protocol/rest","private/protocol/restxml","private/protocol/xml/xmlutil","service/dynamodb","service/dynamodb/dynamodbattribute","service/ec2","service/elasticbeanstalk","service/rds","service/s3","service/s3/s3iface","service/s3/s3manager","service/sts"]
  revision = "4b24694fc54751608cb6bd35b1025137a0e243d2"

[[projects]]
  name = "github.com/bndr/gojenkins"
  packages = ["."]
  revision = "fb64d609b014879a799204f02b50db404fc6d995"

[[projects]]
  name = "github.com/bndr/gopencils"
  packages = ["."]
  revision = "22e283ad76118c1e1f3812b4a3553809cd434e6a"

[[projects]]
  name = "github.com/go-ini/ini"
  packages = ["."]
  revision = "7e7da451323b6766da368f8a1e8ec9a88a16b4a0"
  version = "v1.31.1"

[[projects]]
  name = "github.com/jmespath/go-jmespath"
  packages = ["."]
  revision = "3433f3ea46d9f8019119e7dd41274e112a2359a9"
  version = "0.2.2"

[[projects]]
  name = "github.com/jszwedko/go-circleci"
  packages = ["."]
  revision = "820efab65ef1993416cd18434ea18fe09b185627"

[[projects]]
  name = "github.com/mcuadros/go-version"
  packages = ["."]
  revision = "257f7b9a7d87427c8d7f89469a5958d57f8abd7c"

[[projects]]
  name = "github.com/paetzke/godot"
  packages = ["godot"]
  revision = "d6291c463cf5c9b21dab4a66e12d693c2bb9f202"

[[projects]]
  name = "github.com/russross/blackfriday"
  packages = ["."]
  revision = "5f33e7b7878355cd2b7e6b8eefc48a5472c69f70"

[[projects]]
  branch = "master"
  name = "github.com/shurcooL/sanitized_anchor_name"
  packages = ["."]
  revision = "86672fcb3f950f35f2e675df2240550f2a50762f"

[[projects]]
  name = "github.com/urfave/cli"
  packages = ["."]
  revision = "88ae7af8d41d3842891a319ca21e867c490bcb0b"

[[projects]]
  name = "gopkg.in/yaml.v2"
  packages = ["."]
  revision = "a5b47d31c556af34a302ce5d659e6fea44d90de0"

[solve-meta]
  analyzer-name = "dep"
  analyzer-version = 1
  inputs-digest = "03694ba5995a7d8833c7d08fa8cae88d115028c790cb237fd2684846b298cf1c"
  solver-name = "gps-cdcl"
  solver-version = 1
